
Microsoft Visual Studio Solution File, Format Version 12.00
# Visual Studio Version 16
VisualStudioVersion = 16.0.31025.218
MinimumVisualStudioVersion = 10.0.40219.1
Project("{9A19103F-16F7-4668-BE54-9A1E7A4F7556}") = "dascontract-forms-editor", "dascontract-forms-editor\dascontract-forms-editor.csproj", "{F372DF62-EF92-4BA8-B0DC-736290DC0CB7}"
EndProject
Global
	GlobalSection(SolutionConfigurationPlatforms) = preSolution
		Debug|Any CPU = Debug|Any CPU
		Release|Any CPU = Release|Any CPU
	EndGlobalSection
	GlobalSection(ProjectConfigurationPlatforms) = postSolution
		{F372DF62-EF92-4BA8-B0DC-736290DC0CB7}.Debug|Any CPU.ActiveCfg = Debug|Any CPU
		{F372DF62-EF92-4BA8-B0DC-736290DC0CB7}.Debug|Any CPU.Build.0 = Debug|Any CPU
		{F372DF62-EF92-4BA8-B0DC-736290DC0CB7}.Release|Any CPU.ActiveCfg = Release|Any CPU
		{F372DF62-EF92-4BA8-B0DC-736290DC0CB7}.Release|Any CPU.Build.0 = Release|Any CPU
	EndGlobalSection
	GlobalSection(SolutionProperties) = preSolution
		HideSolutionNode = FALSE
	EndGlobalSection
	GlobalSection(ExtensibilityGlobals) = postSolution
		SolutionGuid = {AAAD038B-7305-4596-A0B1-ED4CC1E699CB}
	EndGlobalSection
EndGlobal
